PODS:
  - Base32 (1.1.2)
  - KeychainAccess (3.1.0)
  - OneTimePassword (3.0):
    - Base32 (~> 1.1.2)
  - QRCodeReader.swift (8.0.4)
  - RxBlocking (4.0.0):
    - RxSwift (~> 4.0)
  - RxCocoa (4.0.0):
    - RxSwift (~> 4.0)
  - RxSwift (4.0.0)
  - RxTest (4.0.0):
    - RxSwift (~> 4.0)

DEPENDENCIES:
  - KeychainAccess (~> 3.1)
  - OneTimePassword (from `https://github.com/mattrubin/OneTimePassword.git`, branch `develop`)
  - QRCodeReader.swift (~> 8.0)
  - RxBlocking (~> 4.0)
  - RxCocoa (~> 4.0)
  - RxSwift (~> 4.0)
  - RxTest (~> 4.0)

EXTERNAL SOURCES:
  OneTimePassword:
    :branch: develop
    :git: https://github.com/mattrubin/OneTimePassword.git

CHECKOUT OPTIONS:
  OneTimePassword:
    :commit: be70abd53c2f275d960e592b104baf6570e32255
    :git: https://github.com/mattrubin/OneTimePassword.git

SPEC CHECKSUMS:
  Base32: 163c298644d184e89ca4e00a996bad6bf5166390
  KeychainAccess: 94c5540b32eabf7bc32bfb976a268e8ea05fd6da
  OneTimePassword: 47aef215d4c7c85742d37f77fb2c69f7c1d88c11
  QRCodeReader.swift: 9730cfa7ed5f0dd839765df8cf18d41db20e4081
  RxBlocking: 923c2c8106d80d7c2d6b276afd66ce3b10824836
  RxCocoa: d62846ca96495d862fa4c59ea7d87e5031d7340e
  RxSwift: fd680d75283beb5e2559486f3c0ff852f0d35334
  RxTest: 0041e792cede35e53e4749f378d21482af0e9d12

PODFILE CHECKSUM: cb47585684b5172b0a179327ad3a696324a914c2

COCOAPODS: 1.2.0
